Microsoft Visual Studio Solution File, Format Version 12.00
# Visual Studio Version 17
VisualStudioVersion = 17.5.2.0
MinimumVisualStudioVersion = 10.0.40219.1
Project("{FAE04EC0-301F-11D3-BF4B-00C04F79EFBC}") = "AMLWatch", "AMLWatch.csproj", "{CC219574-333B-898D-A464-F9408305A6C3}"
EndProject
Global
	GlobalSection(SolutionConfigurationPlatforms) = preSolution
		Debug|Any CPU = Debug|Any CPU
		Release|Any CPU = Release|Any CPU
	EndGlobalSection
	GlobalSection(ProjectConfigurationPlatforms) = postSolution
		{CC219574-333B-898D-A464-F9408305A6C3}.Debug|Any CPU.ActiveCfg = Debug|Any CPU
		{CC219574-333B-898D-A464-F9408305A6C3}.Debug|Any CPU.Build.0 = Debug|Any CPU
		{CC219574-333B-898D-A464-F9408305A6C3}.Release|Any CPU.ActiveCfg = Release|Any CPU
		{CC219574-333B-898D-A464-F9408305A6C3}.Release|Any CPU.Build.0 = Release|Any CPU
	EndGlobalSection
	GlobalSection(SolutionProperties) = preSolution
		HideSolutionNode = FALSE
	EndGlobalSection
	GlobalSection(ExtensibilityGlobals) = postSolution
		SolutionGuid = {4C7F54E8-809B-47C0-ADC9-990D5CBF4881}
	EndGlobalSection
EndGlobal
